# THIS IS AN AUTOGENERATED FILE. DO NOT EDIT THIS FILE DIRECTLY.
# yarn lockfile v1


react-content-loader@^5.1.2:
  version "5.1.2"
  resolved "https://registry.yarnpkg.com/react-content-loader/-/react-content-loader-5.1.2.tgz#75dcff30f2651c166c21433484081e7e70b44b6a"
  integrity sha512-Kr4wWisiL0qcdbzVWZx/puyCfTP1PiTTtR7N4B7mikTeY2wf5TMgMykUQyaEUW422IDUU9VJWfewSm9hIRwTiw==
